
Microsoft Visual Studio Solution File, Format Version 12.00
# Visual Studio Version 16
VisualStudioVersion = 16.0.30011.22
MinimumVisualStudioVersion = 10.0.40219.1
Project("{FAE04EC0-301F-11D3-BF4B-00C04F79EFBC}") = "BetanyPieShop_coreMVC", "BetanyPieShop_coreMVC.csproj", "{F438C4EE-9D65-4409-AF4E-28ED56F3AB86}"
EndProject
Global
	GlobalSection(SolutionConfigurationPlatforms) = preSolution
		Debug|Any CPU = Debug|Any CPU
		Release|Any CPU = Release|Any CPU
	EndGlobalSection
	GlobalSection(ProjectConfigurationPlatforms) = postSolution
		{F438C4EE-9D65-4409-AF4E-28ED56F3AB86}.Debug|Any CPU.ActiveCfg = Debug|Any CPU
		{F438C4EE-9D65-4409-AF4E-28ED56F3AB86}.Debug|Any CPU.Build.0 = Debug|Any CPU
		{F438C4EE-9D65-4409-AF4E-28ED56F3AB86}.Release|Any CPU.ActiveCfg = Release|Any CPU
		{F438C4EE-9D65-4409-AF4E-28ED56F3AB86}.Release|Any CPU.Build.0 = Release|Any CPU
	EndGlobalSection
	GlobalSection(SolutionProperties) = preSolution
		HideSolutionNode = FALSE
	EndGlobalSection
	GlobalSection(ExtensibilityGlobals) = postSolution
		SolutionGuid = {92EDECB6-79ED-4804-9737-F586DD5E1215}
	EndGlobalSection
EndGlobal
